
Microsoft Visual Studio Solution File, Format Version 12.00
# Visual Studio Version 17
VisualStudioVersion = 17.5.33516.290
MinimumVisualStudioVersion = 10.0.40219.1
Project("{9A19103F-16F7-4668-BE54-9A1E7A4F7556}") = "LocManager", "LocManager.csproj", "{2D951B36-1CAF-4734-B09F-95FF7F89A0FE}"
EndProject
Global
	GlobalSection(SolutionConfigurationPlatforms) = preSolution
		Debug|Any CPU = Debug|Any CPU
		Release|Any CPU = Release|Any CPU
	EndGlobalSection
	GlobalSection(ProjectConfigurationPlatforms) = postSolution
		{2D951B36-1CAF-4734-B09F-95FF7F89A0FE}.Debug|Any CPU.ActiveCfg = Debug|Any CPU
		{2D951B36-1CAF-4734-B09F-95FF7F89A0FE}.Debug|Any CPU.Build.0 = Debug|Any CPU
		{2D951B36-1CAF-4734-B09F-95FF7F89A0FE}.Release|Any CPU.ActiveCfg = Release|Any CPU
		{2D951B36-1CAF-4734-B09F-95FF7F89A0FE}.Release|Any CPU.Build.0 = Release|Any CPU
	EndGlobalSection
	GlobalSection(SolutionProperties) = preSolution
		HideSolutionNode = FALSE
	EndGlobalSection
	GlobalSection(ExtensibilityGlobals) = postSolution
		SolutionGuid = {A9CD5972-6209-4DFC-BC82-DB38E96B5AA5}
	EndGlobalSection
EndGlobal
